Microsoft Visual Studio Solution File, Format Version 12.00
# Visual Studio Version 17
VisualStudioVersion = 17.3.32819.101
MinimumVisualStudioVersion = 10.0.40219.1
Project("{9A19103F-16F7-4668-BE54-9A1E7A4F7556}") = "Jazz.Core", "Jazz.Core\Jazz.Core.csproj", "{AD4C825C-1E65-418C-BF62-EFC47E0FAE93}"
EndProject
Project("{9A19103F-16F7-4668-BE54-9A1E7A4F7556}") = "Jazz.Covenant.Domain", "Jazz.Covenant.Domain\Jazz.Covenant.Domain.csproj", "{52748231-A248-4726-A525-AE9E53689271}"
EndProject
Project("{9A19103F-16F7-4668-BE54-9A1E7A4F7556}") = "Jazz.Common", "Jazz.Common\Jazz.Common.csproj", "{38933BB0-942D-49AC-B031-2825F5BE292E}"
EndProject
Project("{9A19103F-16F7-4668-BE54-9A1E7A4F7556}") = "Jazz.Covenant.Application", "Jazz.Covenant.Application\Jazz.Covenant.Application.csproj", "{E009E8BC-A269-43BE-A684-2AABA4704446}"
EndProject
Project("{9A19103F-16F7-4668-BE54-9A1E7A4F7556}") = "Jazz.Application", "Jazz.Application\Jazz.Application.csproj", "{B8298523-E547-496F-B34A-29CA45D36B53}"
EndProject
Project("{2150E333-8FDC-42A3-9474-1A3956D46DE8}") = "Covenant", "Covenant", "{21F67778-62EF-4782-95E4-67CFBFEF3CD1}"
EndProject
Project("{9A19103F-16F7-4668-BE54-9A1E7A4F7556}") = "Jazz.Covenant.EntityFramework", "Jazz.Covenant.EntityFramework\Jazz.Covenant.EntityFramework.csproj", "{2F00588A-6388-4838-A869-2AED4DEC6373}"
EndProject
Project("{9A19103F-16F7-4668-BE54-9A1E7A4F7556}") = "Jazz.Covenant.ServiceHost", "Jazz.Covenant.ServiceHost\Jazz.Covenant.ServiceHost.csproj", "{7D525202-A10E-4FD9-AF81-273421FC17AC}"
EndProject
Project("{9A19103F-16F7-4668-BE54-9A1E7A4F7556}") = "Jazz.EntityFramework", "Jazz.EntityFramework\Jazz.EntityFramework.csproj", "{468351CE-32B1-49B8-8010-E44573411347}"
EndProject
Project("{2150E333-8FDC-42A3-9474-1A3956D46DE8}") = "Shared", "Shared", "{3BDFE604-2FB8-46FE-A235-E0B64CA2E756}"
EndProject
Project("{9A19103F-16F7-4668-BE54-9A1E7A4F7556}") = "Jazz.Covenant.Service", "Jazz.Covenant.Service\Jazz.Covenant.Service.csproj", "{7BBFDDDC-AF4D-4228-8D39-44E572D312E9}"
EndProject
Project("{2150E333-8FDC-42A3-9474-1A3956D46DE8}") = "Test", "Test", "{06B90C44-31EA-400E-BCD0-6C5F2A040A2A}"
EndProject
Project("{9A19103F-16F7-4668-BE54-9A1E7A4F7556}") = "Jazz.Covenant.Application.Test", "test\Jazz.Covenant.Application.Test\Jazz.Covenant.Application.Test.csproj", "{DF0262DC-0A6F-4387-B336-50A82D5CC1A9}"
EndProject
Project("{9A19103F-16F7-4668-BE54-9A1E7A4F7556}") = "Jazz.Covenant.Domain.Test", "test\Jazz.Covenant.Domain.Test\Jazz.Covenant.Domain.Test.csproj", "{BACAB83A-CE1C-416B-94B3-7E539E2E8500}"
EndProject
Project("{9A19103F-16F7-4668-BE54-9A1E7A4F7556}") = "Jazz.Covenant.Service.Test", "test\Jazz.Covenant.Service.Test\Jazz.Covenant.Service.Test.csproj", "{C66F7F1F-4FBF-48B5-BCB0-C0A7734FC973}"
EndProject
Project("{9A19103F-16F7-4668-BE54-9A1E7A4F7556}") = "Jazz.Covenant.Base", "test\Jazz.Covenant.Base\Jazz.Covenant.Base.csproj", "{F3A869F5-37D3-46B3-AF3D-FBEF7E6C804B}"
EndProject
Global
	GlobalSection(SolutionConfigurationPlatforms) = preSolution
		Debug|Any CPU = Debug|Any CPU
		Release|Any CPU = Release|Any CPU
	EndGlobalSection
	GlobalSection(ProjectConfigurationPlatforms) = postSolution
		{AD4C825C-1E65-418C-BF62-EFC47E0FAE93}.Debug|Any CPU.ActiveCfg = Debug|Any CPU
		{AD4C825C-1E65-418C-BF62-EFC47E0FAE93}.Debug|Any CPU.Build.0 = Debug|Any CPU
		{AD4C825C-1E65-418C-BF62-EFC47E0FAE93}.Release|Any CPU.ActiveCfg = Release|Any CPU
		{AD4C825C-1E65-418C-BF62-EFC47E0FAE93}.Release|Any CPU.Build.0 = Release|Any CPU
		{52748231-A248-4726-A525-AE9E53689271}.Debug|Any CPU.ActiveCfg = Debug|Any CPU
		{52748231-A248-4726-A525-AE9E53689271}.Debug|Any CPU.Build.0 = Debug|Any CPU
		{52748231-A248-4726-A525-AE9E53689271}.Release|Any CPU.ActiveCfg = Release|Any CPU
		{52748231-A248-4726-A525-AE9E53689271}.Release|Any CPU.Build.0 = Release|Any CPU
		{38933BB0-942D-49AC-B031-2825F5BE292E}.Debug|Any CPU.ActiveCfg = Debug|Any CPU
		{38933BB0-942D-49AC-B031-2825F5BE292E}.Debug|Any CPU.Build.0 = Debug|Any CPU
		{38933BB0-942D-49AC-B031-2825F5BE292E}.Release|Any CPU.ActiveCfg = Release|Any CPU
		{38933BB0-942D-49AC-B031-2825F5BE292E}.Release|Any CPU.Build.0 = Release|Any CPU
		{E009E8BC-A269-43BE-A684-2AABA4704446}.Debug|Any CPU.ActiveCfg = Debug|Any CPU
		{E009E8BC-A269-43BE-A684-2AABA4704446}.Debug|Any CPU.Build.0 = Debug|Any CPU
		{E009E8BC-A269-43BE-A684-2AABA4704446}.Release|Any CPU.ActiveCfg = Release|Any CPU
		{E009E8BC-A269-43BE-A684-2AABA4704446}.Release|Any CPU.Build.0 = Release|Any CPU
		{B8298523-E547-496F-B34A-29CA45D36B53}.Debug|Any CPU.ActiveCfg = Debug|Any CPU
		{B8298523-E547-496F-B34A-29CA45D36B53}.Debug|Any CPU.Build.0 = Debug|Any CPU
		{B8298523-E547-496F-B34A-29CA45D36B53}.Release|Any CPU.ActiveCfg = Release|Any CPU
		{B8298523-E547-496F-B34A-29CA45D36B53}.Release|Any CPU.Build.0 = Release|Any CPU
		{2F00588A-6388-4838-A869-2AED4DEC6373}.Debug|Any CPU.ActiveCfg = Debug|Any CPU
		{2F00588A-6388-4838-A869-2AED4DEC6373}.Debug|Any CPU.Build.0 = Debug|Any CPU
		{2F00588A-6388-4838-A869-2AED4DEC6373}.Release|Any CPU.ActiveCfg = Release|Any CPU
		{2F00588A-6388-4838-A869-2AED4DEC6373}.Release|Any CPU.Build.0 = Release|Any CPU
		{7D525202-A10E-4FD9-AF81-273421FC17AC}.Debug|Any CPU.ActiveCfg = Debug|Any CPU
		{7D525202-A10E-4FD9-AF81-273421FC17AC}.Debug|Any CPU.Build.0 = Debug|Any CPU
		{7D525202-A10E-4FD9-AF81-273421FC17AC}.Release|Any CPU.ActiveCfg = Release|Any CPU
		{7D525202-A10E-4FD9-AF81-273421FC17AC}.Release|Any CPU.Build.0 = Release|Any CPU
		{468351CE-32B1-49B8-8010-E44573411347}.Debug|Any CPU.ActiveCfg = Debug|Any CPU
		{468351CE-32B1-49B8-8010-E44573411347}.Debug|Any CPU.Build.0 = Debug|Any CPU
		{468351CE-32B1-49B8-8010-E44573411347}.Release|Any CPU.ActiveCfg = Release|Any CPU
		{468351CE-32B1-49B8-8010-E44573411347}.Release|Any CPU.Build.0 = Release|Any CPU
		{7BBFDDDC-AF4D-4228-8D39-44E572D312E9}.Debug|Any CPU.ActiveCfg = Debug|Any CPU
		{7BBFDDDC-AF4D-4228-8D39-44E572D312E9}.Debug|Any CPU.Build.0 = Debug|Any CPU
		{7BBFDDDC-AF4D-4228-8D39-44E572D312E9}.Release|Any CPU.ActiveCfg = Release|Any CPU
		{7BBFDDDC-AF4D-4228-8D39-44E572D312E9}.Release|Any CPU.Build.0 = Release|Any CPU
		{DF0262DC-0A6F-4387-B336-50A82D5CC1A9}.Debug|Any CPU.ActiveCfg = Debug|Any CPU
		{DF0262DC-0A6F-4387-B336-50A82D5CC1A9}.Debug|Any CPU.Build.0 = Debug|Any CPU
		{DF0262DC-0A6F-4387-B336-50A82D5CC1A9}.Release|Any CPU.ActiveCfg = Release|Any CPU
		{DF0262DC-0A6F-4387-B336-50A82D5CC1A9}.Release|Any CPU.Build.0 = Release|Any CPU
		{BACAB83A-CE1C-416B-94B3-7E539E2E8500}.Debug|Any CPU.ActiveCfg = Debug|Any CPU
		{BACAB83A-CE1C-416B-94B3-7E539E2E8500}.Debug|Any CPU.Build.0 = Debug|Any CPU
		{BACAB83A-CE1C-416B-94B3-7E539E2E8500}.Release|Any CPU.ActiveCfg = Release|Any CPU
		{BACAB83A-CE1C-416B-94B3-7E539E2E8500}.Release|Any CPU.Build.0 = Release|Any CPU
		{C66F7F1F-4FBF-48B5-BCB0-C0A7734FC973}.Debug|Any CPU.ActiveCfg = Debug|Any CPU
		{C66F7F1F-4FBF-48B5-BCB0-C0A7734FC973}.Debug|Any CPU.Build.0 = Debug|Any CPU
		{C66F7F1F-4FBF-48B5-BCB0-C0A7734FC973}.Release|Any CPU.ActiveCfg = Release|Any CPU
		{C66F7F1F-4FBF-48B5-BCB0-C0A7734FC973}.Release|Any CPU.Build.0 = Release|Any CPU
		{F3A869F5-37D3-46B3-AF3D-FBEF7E6C804B}.Debug|Any CPU.ActiveCfg = Debug|Any CPU
		{F3A869F5-37D3-46B3-AF3D-FBEF7E6C804B}.Debug|Any CPU.Build.0 = Debug|Any CPU
		{F3A869F5-37D3-46B3-AF3D-FBEF7E6C804B}.Release|Any CPU.ActiveCfg = Release|Any CPU
		{F3A869F5-37D3-46B3-AF3D-FBEF7E6C804B}.Release|Any CPU.Build.0 = Release|Any CPU
	EndGlobalSection
	GlobalSection(SolutionProperties) = preSolution
		HideSolutionNode = FALSE
	EndGlobalSection
	GlobalSection(NestedProjects) = preSolution
		{AD4C825C-1E65-418C-BF62-EFC47E0FAE93} = {3BDFE604-2FB8-46FE-A235-E0B64CA2E756}
		{52748231-A248-4726-A525-AE9E53689271} = {21F67778-62EF-4782-95E4-67CFBFEF3CD1}
		{38933BB0-942D-49AC-B031-2825F5BE292E} = {3BDFE604-2FB8-46FE-A235-E0B64CA2E756}
		{E009E8BC-A269-43BE-A684-2AABA4704446} = {21F67778-62EF-4782-95E4-67CFBFEF3CD1}
		{B8298523-E547-496F-B34A-29CA45D36B53} = {3BDFE604-2FB8-46FE-A235-E0B64CA2E756}
		{2F00588A-6388-4838-A869-2AED4DEC6373} = {21F67778-62EF-4782-95E4-67CFBFEF3CD1}
		{7D525202-A10E-4FD9-AF81-273421FC17AC} = {21F67778-62EF-4782-95E4-67CFBFEF3CD1}
		{468351CE-32B1-49B8-8010-E44573411347} = {3BDFE604-2FB8-46FE-A235-E0B64CA2E756}
		{7BBFDDDC-AF4D-4228-8D39-44E572D312E9} = {21F67778-62EF-4782-95E4-67CFBFEF3CD1}
		{DF0262DC-0A6F-4387-B336-50A82D5CC1A9} = {06B90C44-31EA-400E-BCD0-6C5F2A040A2A}
		{BACAB83A-CE1C-416B-94B3-7E539E2E8500} = {06B90C44-31EA-400E-BCD0-6C5F2A040A2A}
		{C66F7F1F-4FBF-48B5-BCB0-C0A7734FC973} = {06B90C44-31EA-400E-BCD0-6C5F2A040A2A}
		{F3A869F5-37D3-46B3-AF3D-FBEF7E6C804B} = {06B90C44-31EA-400E-BCD0-6C5F2A040A2A}
	EndGlobalSection
	GlobalSection(ExtensibilityGlobals) = postSolution
		SolutionGuid = {4D7E6619-0C84-41EA-93E7-A708E806CB80}
	EndGlobalSection
EndGlobal
